
Microsoft Visual Studio Solution File, Format Version 12.00
# Visual Studio Version 17
VisualStudioVersion = 17.1.32414.318
MinimumVisualStudioVersion = 10.0.40219.1
Project("{9A19103F-16F7-4668-BE54-9A1E7A4F7556}") = "OShop.Domain", "OShop.Domain\OShop.Domain.csproj", "{351F3BD7-F6CB-4D24-A5C8-65F1FA63A381}"
EndProject
Project("{9A19103F-16F7-4668-BE54-9A1E7A4F7556}") = "OShop.Application", "OShop.Application\OShop.Application.csproj", "{3672D173-7968-4808-861A-E7A4EE640DFA}"
EndProject
Project("{9A19103F-16F7-4668-BE54-9A1E7A4F7556}") = "OShop.Database", "OShop.Database\OShop.Database.csproj", "{F3C02D51-0C42-4373-ABCA-80889A36F38D}"
EndProject
Project("{9A19103F-16F7-4668-BE54-9A1E7A4F7556}") = "OShop.ReactUI", "OShop.ReactUI\OShop.ReactUI.csproj", "{B5A7F2E2-C6B4-4093-BD86-32F68807BCFD}"
	ProjectSection(ProjectDependencies) = postProject
		{3672D173-7968-4808-861A-E7A4EE640DFA} = {3672D173-7968-4808-861A-E7A4EE640DFA}
	EndProjectSection
EndProject
Project("{9A19103F-16F7-4668-BE54-9A1E7A4F7556}") = "OShop.UI", "OShop.UI\OShop.UI.csproj", "{62A03907-55F6-4DE4-8EF8-23A888DF02F6}"
EndProject
Global
	GlobalSection(SolutionConfigurationPlatforms) = preSolution
		Debug|Any CPU = Debug|Any CPU
		Release|Any CPU = Release|Any CPU
	EndGlobalSection
	GlobalSection(ProjectConfigurationPlatforms) = postSolution
		{351F3BD7-F6CB-4D24-A5C8-65F1FA63A381}.Debug|Any CPU.ActiveCfg = Debug|Any CPU
		{351F3BD7-F6CB-4D24-A5C8-65F1FA63A381}.Debug|Any CPU.Build.0 = Debug|Any CPU
		{351F3BD7-F6CB-4D24-A5C8-65F1FA63A381}.Release|Any CPU.ActiveCfg = Release|Any CPU
		{351F3BD7-F6CB-4D24-A5C8-65F1FA63A381}.Release|Any CPU.Build.0 = Release|Any CPU
		{3672D173-7968-4808-861A-E7A4EE640DFA}.Debug|Any CPU.ActiveCfg = Debug|Any CPU
		{3672D173-7968-4808-861A-E7A4EE640DFA}.Debug|Any CPU.Build.0 = Debug|Any CPU
		{3672D173-7968-4808-861A-E7A4EE640DFA}.Release|Any CPU.ActiveCfg = Release|Any CPU
		{3672D173-7968-4808-861A-E7A4EE640DFA}.Release|Any CPU.Build.0 = Release|Any CPU
		{F3C02D51-0C42-4373-ABCA-80889A36F38D}.Debug|Any CPU.ActiveCfg = Debug|Any CPU
		{F3C02D51-0C42-4373-ABCA-80889A36F38D}.Debug|Any CPU.Build.0 = Debug|Any CPU
		{F3C02D51-0C42-4373-ABCA-80889A36F38D}.Release|Any CPU.ActiveCfg = Release|Any CPU
		{F3C02D51-0C42-4373-ABCA-80889A36F38D}.Release|Any CPU.Build.0 = Release|Any CPU
		{B5A7F2E2-C6B4-4093-BD86-32F68807BCFD}.Debug|Any CPU.ActiveCfg = Debug|Any CPU
		{B5A7F2E2-C6B4-4093-BD86-32F68807BCFD}.Release|Any CPU.ActiveCfg = Release|Any CPU
		{62A03907-55F6-4DE4-8EF8-23A888DF02F6}.Debug|Any CPU.ActiveCfg = Debug|Any CPU
		{62A03907-55F6-4DE4-8EF8-23A888DF02F6}.Debug|Any CPU.Build.0 = Debug|Any CPU
		{62A03907-55F6-4DE4-8EF8-23A888DF02F6}.Release|Any CPU.ActiveCfg = Release|Any CPU
		{62A03907-55F6-4DE4-8EF8-23A888DF02F6}.Release|Any CPU.Build.0 = Release|Any CPU
	EndGlobalSection
	GlobalSection(SolutionProperties) = preSolution
		HideSolutionNode = FALSE
	EndGlobalSection
	GlobalSection(ExtensibilityGlobals) = postSolution
		SolutionGuid = {F69520F5-02F1-4ABD-B868-F693A68640ED}
	EndGlobalSection
EndGlobal
